// !$*UTF8*$!
{
	archiveVersion = 1;
	classes = {
	};
	objectVersion = 46;
	objects = {

/* Begin PBXAggregateTarget section */
		55CD279F1A23D27700A46761 /* libressl */ = {
			isa = PBXAggregateTarget;
			buildConfigurationList = 55CD27A21A23D27700A46761 /* Build configuration list for PBXAggregateTarget "libressl" */;
			buildPhases = (
				55CD27A31A23D28000A46761 /* ShellScript */,
			);
			dependencies = (
			);
			name = libressl;
			productName = libressl;
		};
/* End PBXAggregateTarget section */

/* Begin PBXBuildFile section */
		55CD275A1A233EC800A46761 /* ICGAppDelegate.mm in Sources */ = {isa = PBXBuildFile; fileRef = 55CD27591A233EC800A46761 /* ICGAppDelegate.mm */; };
		55CD275C1A233EC800A46761 /* main.m in Sources */ = {isa = PBXBuildFile; fileRef = 55CD275B1A233EC800A46761 /* main.m */; };
		55CD275E1A233EC800A46761 /* Images.xcassets in Resources */ = {isa = PBXBuildFile; fileRef = 55CD275D1A233EC800A46761 /* Images.xcassets */; };
		55CD27611A233EC800A46761 /* MainMenu.xib in Resources */ = {isa = PBXBuildFile; fileRef = 55CD275F1A233EC800A46761 /* MainMenu.xib */; };
		55CD276D1A233EC800A46761 /* interconnectgameTests.m in Sources */ = {isa = PBXBuildFile; fileRef = 55CD276C1A233EC800A46761 /* interconnectgameTests.m */; };
		55CD277C1A23401500A46761 /* eleven_ini_file.cpp in Sources */ = {isa = PBXBuildFile; fileRef = 55CD27761A23401500A46761 /* eleven_ini_file.cpp */; };
		55CD277D1A23401500A46761 /* eleven_log.cpp in Sources */ = {isa = PBXBuildFile; fileRef = 55CD27781A23401500A46761 /* eleven_log.cpp */; };
		55CD277E1A23401500A46761 /* eleven_session.cpp in Sources */ = {isa = PBXBuildFile; fileRef = 55CD277A1A23401500A46761 /* eleven_session.cpp */; };
		55CD27811A23402400A46761 /* eleven_chatclient.cpp in Sources */ = {isa = PBXBuildFile; fileRef = 55CD277F1A23402400A46761 /* eleven_chatclient.cpp */; };
		55CD27921A23405E00A46761 /* b64.c in Sources */ = {isa = PBXBuildFile; fileRef = 55CD27831A23405E00A46761 /* b64.c */; };
		55CD27931A23405E00A46761 /* crypto_scrypt-check.c in Sources */ = {isa = PBXBuildFile; fileRef = 55CD27851A23405E00A46761 /* crypto_scrypt-check.c */; };
		55CD27941A23405E00A46761 /* crypto_scrypt-hash.c in Sources */ = {isa = PBXBuildFile; fileRef = 55CD27861A23405E00A46761 /* crypto_scrypt-hash.c */; };
		55CD27951A23405E00A46761 /* crypto_scrypt-hexconvert.c in Sources */ = {isa = PBXBuildFile; fileRef = 55CD27871A23405E00A46761 /* crypto_scrypt-hexconvert.c */; };
		55CD27961A23405E00A46761 /* crypto_scrypt-nosse.c in Sources */ = {isa = PBXBuildFile; fileRef = 55CD27891A23405E00A46761 /* crypto_scrypt-nosse.c */; };
		55CD27971A23405E00A46761 /* crypto-mcf.c in Sources */ = {isa = PBXBuildFile; fileRef = 55CD278A1A23405E00A46761 /* crypto-mcf.c */; };
		55CD27981A23405E00A46761 /* crypto-scrypt-saltgen.c in Sources */ = {isa = PBXBuildFile; fileRef = 55CD278B1A23405E00A46761 /* crypto-scrypt-saltgen.c */; };
		55CD27991A23405E00A46761 /* sha256.c in Sources */ = {isa = PBXBuildFile; fileRef = 55CD278D1A23405E00A46761 /* sha256.c */; };
		55CD279A1A23405E00A46761 /* slowequals.c in Sources */ = {isa = PBXBuildFile; fileRef = 55CD278F1A23405E00A46761 /* slowequals.c */; };
		55CD279D1A234EF900A46761 /* settings in Resources */ = {isa = PBXBuildFile; fileRef = 55CD279C1A234EF900A46761 /* settings */; };
		55CD27A51A23D4C100A46761 /* WebKit.framework in Frameworks */ = {isa = PBXBuildFile; fileRef = 55CD27A41A23D4C100A46761 /* WebKit.framework */; };
		55F13EF41A293177007194D0 /* ICGKeychainWrapper.m in Sources */ = {isa = PBXBuildFile; fileRef = 55F13EF31A293177007194D0 /* ICGKeychainWrapper.m */; };
/* End PBXBuildFile section */

/* Begin PBXContainerItemProxy section */
		55CD27671A233EC800A46761 /* PBXContainerItemProxy */ = {
			isa = PBXContainerItemProxy;
			containerPortal = 55CD274B1A233EC800A46761 /* Project object */;
			proxyType = 1;
			remoteGlobalIDString = 55CD27521A233EC800A46761;
			remoteInfo = interconnectgame;
		};
/* End PBXContainerItemProxy section */

/* Begin PBXFileReference section */
		55CD27531A233EC800A46761 /* The Interconnect.app */ = {isa = PBXFileReference; explicitFileType = wrapper.application; includeInIndex = 0; path = "The Interconnect.app"; sourceTree = BUILT_PRODUCTS_DIR; };
		55CD27571A233EC800A46761 /* Info.plist */ = {isa = PBXFileReference; lastKnownFileType = text.plist.xml; path = Info.plist; sourceTree = "<group>"; };
		55CD27581A233EC800A46761 /* ICGAppDelegate.h */ = {isa = PBXFileReference; lastKnownFileType = sourcecode.c.h; path = ICGAppDelegate.h; sourceTree = "<group>"; };
		55CD27591A233EC800A46761 /* ICGAppDelegate.mm */ = {isa = PBXFileReference; lastKnownFileType = sourcecode.cpp.objcpp; path = ICGAppDelegate.mm; sourceTree = "<group>"; };
		55CD275B1A233EC800A46761 /* main.m */ = {isa = PBXFileReference; lastKnownFileType = sourcecode.c.objc; path = main.m; sourceTree = "<group>"; };
		55CD275D1A233EC800A46761 /* Images.xcassets */ = {isa = PBXFileReference; lastKnownFileType = folder.assetcatalog; path = Images.xcassets; sourceTree = "<group>"; };
		55CD27601A233EC800A46761 /* Base */ = {isa = PBXFileReference; lastKnownFileType = file.xib; name = Base; path = Base.lproj/MainMenu.xib; sourceTree = "<group>"; };
		55CD27661A233EC800A46761 /* interconnectgameTests.xctest */ = {isa = PBXFileReference; explicitFileType = wrapper.cfbundle; includeInIndex = 0; path = interconnectgameTests.xctest; sourceTree = BUILT_PRODUCTS_DIR; };
		55CD276B1A233EC800A46761 /* Info.plist */ = {isa = PBXFileReference; lastKnownFileType = text.plist.xml; path = Info.plist; sourceTree = "<group>"; };
		55CD276C1A233EC800A46761 /* interconnectgameTests.m */ = {isa = PBXFileReference; lastKnownFileType = sourcecode.c.objc; path = interconnectgameTests.m; sourceTree = "<group>"; };
		55CD27761A23401500A46761 /* eleven_ini_file.cpp */ = {isa = PBXFileReference; fileEncoding = 4; lastKnownFileType = sourcecode.cpp.cpp; name = eleven_ini_file.cpp; path = ../../eleven/eleven_ini_file.cpp; sourceTree = "<group>"; };
		55CD27771A23401500A46761 /* eleven_ini_file.h */ = {isa = PBXFileReference; fileEncoding = 4; lastKnownFileType = sourcecode.c.h; name = eleven_ini_file.h; path = ../../eleven/eleven_ini_file.h; sourceTree = "<group>"; };
		55CD27781A23401500A46761 /* eleven_log.cpp */ = {isa = PBXFileReference; fileEncoding = 4; lastKnownFileType = sourcecode.cpp.cpp; name = eleven_log.cpp; path = ../../eleven/eleven_log.cpp; sourceTree = "<group>"; };
		55CD27791A23401500A46761 /* eleven_log.h */ = {isa = PBXFileReference; fileEncoding = 4; lastKnownFileType = sourcecode.c.h; name = eleven_log.h; path = ../../eleven/eleven_log.h; sourceTree = "<group>"; };
		55CD277A1A23401500A46761 /* eleven_session.cpp */ = {isa = PBXFileReference; fileEncoding = 4; lastKnownFileType = sourcecode.cpp.cpp; name = eleven_session.cpp; path = ../../eleven/eleven_session.cpp; sourceTree = "<group>"; };
		55CD277B1A23401500A46761 /* eleven_session.h */ = {isa = PBXFileReference; fileEncoding = 4; lastKnownFileType = sourcecode.c.h; name = eleven_session.h; path = ../../eleven/eleven_session.h; sourceTree = "<group>"; };
		55CD277F1A23402400A46761 /* eleven_chatclient.cpp */ = {isa = PBXFileReference; fileEncoding = 4; lastKnownFileType = sourcecode.cpp.cpp; name = eleven_chatclient.cpp; path = ../../eleven/eleven_chatclient/eleven_chatclient.cpp; sourceTree = "<group>"; };
		55CD27801A23402400A46761 /* eleven_chatclient.h */ = {isa = PBXFileReference; fileEncoding = 4; lastKnownFileType = sourcecode.c.h; name = eleven_chatclient.h; path = ../../eleven/eleven_chatclient/eleven_chatclient.h; sourceTree = "<group>"; };
		55CD27831A23405E00A46761 /* b64.c */ = {isa = PBXFileReference; fileEncoding = 4; lastKnownFileType = sourcecode.c.c; name = b64.c; path = ../../eleven/libscrypt/b64.c; sourceTree = "<group>"; };
		55CD27841A23405E00A46761 /* b64.h */ = {isa = PBXFileReference; fileEncoding = 4; lastKnownFileType = sourcecode.c.h; name = b64.h; path = ../../eleven/libscrypt/b64.h; sourceTree = "<group>"; };
		55CD27851A23405E00A46761 /* crypto_scrypt-check.c */ = {isa = PBXFileReference; fileEncoding = 4; lastKnownFileType = sourcecode.c.c; name = "crypto_scrypt-check.c"; path = "../../eleven/libscrypt/crypto_scrypt-check.c"; sourceTree = "<group>"; };
		55CD27861A23405E00A46761 /* crypto_scrypt-hash.c */ = {isa = PBXFileReference; fileEncoding = 4; lastKnownFileType = sourcecode.c.c; name = "crypto_scrypt-hash.c"; path = "../../eleven/libscrypt/crypto_scrypt-hash.c"; sourceTree = "<group>"; };
		55CD27871A23405E00A46761 /* crypto_scrypt-hexconvert.c */ = {isa = PBXFileReference; fileEncoding = 4; lastKnownFileType = sourcecode.c.c; name = "crypto_scrypt-hexconvert.c"; path = "../../eleven/libscrypt/crypto_scrypt-hexconvert.c"; sourceTree = "<group>"; };
		55CD27881A23405E00A46761 /* crypto_scrypt-hexconvert.h */ = {isa = PBXFileReference; fileEncoding = 4; lastKnownFileType = sourcecode.c.h; name = "crypto_scrypt-hexconvert.h"; path = "../../eleven/libscrypt/crypto_scrypt-hexconvert.h"; sourceTree = "<group>"; };
		55CD27891A23405E00A46761 /* crypto_scrypt-nosse.c */ = {isa = PBXFileReference; fileEncoding = 4; lastKnownFileType = sourcecode.c.c; name = "crypto_scrypt-nosse.c"; path = "../../eleven/libscrypt/crypto_scrypt-nosse.c"; sourceTree = "<group>"; };
		55CD278A1A23405E00A46761 /* crypto-mcf.c */ = {isa = PBXFileReference; fileEncoding = 4; lastKnownFileType = sourcecode.c.c; name = "crypto-mcf.c"; path = "../../eleven/libscrypt/crypto-mcf.c"; sourceTree = "<group>"; };
		55CD278B1A23405E00A46761 /* crypto-scrypt-saltgen.c */ = {isa = PBXFileReference; fileEncoding = 4; lastKnownFileType = sourcecode.c.c; name = "crypto-scrypt-saltgen.c"; path = "../../eleven/libscrypt/crypto-scrypt-saltgen.c"; sourceTree = "<group>"; };
		55CD278C1A23405E00A46761 /* libscrypt.h */ = {isa = PBXFileReference; fileEncoding = 4; lastKnownFileType = sourcecode.c.h; name = libscrypt.h; path = ../../eleven/libscrypt/libscrypt.h; sourceTree = "<group>"; };
		55CD278D1A23405E00A46761 /* sha256.c */ = {isa = PBXFileReference; fileEncoding = 4; lastKnownFileType = sourcecode.c.c; name = sha256.c; path = ../../eleven/libscrypt/sha256.c; sourceTree = "<group>"; };
		55CD278E1A23405E00A46761 /* sha256.h */ = {isa = PBXFileReference; fileEncoding = 4; lastKnownFileType = sourcecode.c.h; name = sha256.h; path = ../../eleven/libscrypt/sha256.h; sourceTree = "<group>"; };
		55CD278F1A23405E00A46761 /* slowequals.c */ = {isa = PBXFileReference; fileEncoding = 4; lastKnownFileType = sourcecode.c.c; name = slowequals.c; path = ../../eleven/libscrypt/slowequals.c; sourceTree = "<group>"; };
		55CD27901A23405E00A46761 /* slowequals.h */ = {isa = PBXFileReference; fileEncoding = 4; lastKnownFileType = sourcecode.c.h; name = slowequals.h; path = ../../eleven/libscrypt/slowequals.h; sourceTree = "<group>"; };
		55CD27911A23405E00A46761 /* sysendian.h */ = {isa = PBXFileReference; fileEncoding = 4; lastKnownFileType = sourcecode.c.h; name = sysendian.h; path = ../../eleven/libscrypt/sysendian.h; sourceTree = "<group>"; };
		55CD279C1A234EF900A46761 /* settings */ = {isa = PBXFileReference; lastKnownFileType = folder; path = settings; sourceTree = SOURCE_ROOT; };
		55CD27A41A23D4C100A46761 /* WebKit.framework */ = {isa = PBXFileReference; lastKnownFileType = wrapper.framework; name = WebKit.framework; path = /System/Library/Frameworks/WebKit.framework; sourceTree = "<absolute>"; };
		55F13EF31A293177007194D0 /* ICGKeychainWrapper.m */ = {isa = PBXFileReference; fileEncoding = 4; lastKnownFileType = sourcecode.c.objc; path = ICGKeychainWrapper.m; sourceTree = "<group>"; };
		55F13EF51A293192007194D0 /* ICGKeychainWrapper.h */ = {isa = PBXFileReference; lastKnownFileType = sourcecode.c.h; path = ICGKeychainWrapper.h; sourceTree = "<group>"; };
/* End PBXFileReference section */

/* Begin PBXFrameworksBuildPhase section */
		55CD27501A233EC800A46761 /* Frameworks */ = {
			isa = PBXFrameworksBuildPhase;
			buildActionMask = 2147483647;
			files = (
				55CD27A51A23D4C100A46761 /* WebKit.framework in Frameworks */,
			);
			runOnlyForDeploymentPostprocessing = 0;
		};
		55CD27631A233EC800A46761 /* Frameworks */ = {
			isa = PBXFrameworksBuildPhase;
			buildActionMask = 2147483647;
			files = (
			);
			runOnlyForDeploymentPostprocessing = 0;
		};
/* End PBXFrameworksBuildPhase section */

/* Begin PBXGroup section */
		55CD274A1A233EC800A46761 = {
			isa = PBXGroup;
			children = (
				55CD27551A233EC800A46761 /* interconnectgame */,
				55CD27691A233EC800A46761 /* interconnectgameTests */,
				55CD27541A233EC800A46761 /* Products */,
			);
			sourceTree = "<group>";
		};
		55CD27541A233EC800A46761 /* Products */ = {
			isa = PBXGroup;
			children = (
				55CD27531A233EC800A46761 /* The Interconnect.app */,
				55CD27661A233EC800A46761 /* interconnectgameTests.xctest */,
			);
			name = Products;
			sourceTree = "<group>";
		};
		55CD27551A233EC800A46761 /* interconnectgame */ = {
			isa = PBXGroup;
			children = (
				55CD27581A233EC800A46761 /* ICGAppDelegate.h */,
				55CD27591A233EC800A46761 /* ICGAppDelegate.mm */,
				55F13EF51A293192007194D0 /* ICGKeychainWrapper.h */,
				55F13EF31A293177007194D0 /* ICGKeychainWrapper.m */,
				55CD275D1A233EC800A46761 /* Images.xcassets */,
				55CD275F1A233EC800A46761 /* MainMenu.xib */,
				55CD27561A233EC800A46761 /* Supporting Files */,
				55CD27821A23402F00A46761 /* Networking */,
				55CD27A61A23D4D400A46761 /* Libraries */,
				55CD279E1A234F0000A46761 /* Resources */,
			);
			path = interconnectgame;
			sourceTree = "<group>";
		};
		55CD27561A233EC800A46761 /* Supporting Files */ = {
			isa = PBXGroup;
			children = (
				55CD27571A233EC800A46761 /* Info.plist */,
				55CD275B1A233EC800A46761 /* main.m */,
			);
			name = "Supporting Files";
			sourceTree = "<group>";
		};
		55CD27691A233EC800A46761 /* interconnectgameTests */ = {
			isa = PBXGroup;
			children = (
				55CD276C1A233EC800A46761 /* interconnectgameTests.m */,
				55CD276A1A233EC800A46761 /* Supporting Files */,
			);
			path = interconnectgameTests;
			sourceTree = "<group>";
		};
		55CD276A1A233EC800A46761 /* Supporting Files */ = {
			isa = PBXGroup;
			children = (
				55CD276B1A233EC800A46761 /* Info.plist */,
			);
			name = "Supporting Files";
			sourceTree = "<group>";
		};
		55CD27821A23402F00A46761 /* Networking */ = {
			isa = PBXGroup;
			children = (
				55CD277F1A23402400A46761 /* eleven_chatclient.cpp */,
				55CD27801A23402400A46761 /* eleven_chatclient.h */,
				55CD27761A23401500A46761 /* eleven_ini_file.cpp */,
				55CD27771A23401500A46761 /* eleven_ini_file.h */,
				55CD27781A23401500A46761 /* eleven_log.cpp */,
				55CD27791A23401500A46761 /* eleven_log.h */,
				55CD277A1A23401500A46761 /* eleven_session.cpp */,
				55CD277B1A23401500A46761 /* eleven_session.h */,
				55CD279B1A23406700A46761 /* libscrypt */,
			);
			name = Networking;
			sourceTree = "<group>";
		};
		55CD279B1A23406700A46761 /* libscrypt */ = {
			isa = PBXGroup;
			children = (
				55CD27831A23405E00A46761 /* b64.c */,
				55CD27841A23405E00A46761 /* b64.h */,
				55CD27851A23405E00A46761 /* crypto_scrypt-check.c */,
				55CD27861A23405E00A46761 /* crypto_scrypt-hash.c */,
				55CD27871A23405E00A46761 /* crypto_scrypt-hexconvert.c */,
				55CD27881A23405E00A46761 /* crypto_scrypt-hexconvert.h */,
				55CD27891A23405E00A46761 /* crypto_scrypt-nosse.c */,
				55CD278A1A23405E00A46761 /* crypto-mcf.c */,
				55CD278B1A23405E00A46761 /* crypto-scrypt-saltgen.c */,
				55CD278C1A23405E00A46761 /* libscrypt.h */,
				55CD278D1A23405E00A46761 /* sha256.c */,
				55CD278E1A23405E00A46761 /* sha256.h */,
				55CD278F1A23405E00A46761 /* slowequals.c */,
				55CD27901A23405E00A46761 /* slowequals.h */,
				55CD27911A23405E00A46761 /* sysendian.h */,
			);
			name = libscrypt;
			sourceTree = "<group>";
		};
		55CD279E1A234F0000A46761 /* Resources */ = {
			isa = PBXGroup;
			children = (
				55CD279C1A234EF900A46761 /* settings */,
			);
			name = Resources;
			sourceTree = "<group>";
		};
		55CD27A61A23D4D400A46761 /* Libraries */ = {
			isa = PBXGroup;
			children = (
				55CD27A41A23D4C100A46761 /* WebKit.framework */,
			);
			name = Libraries;
			sourceTree = "<group>";
		};
/* End PBXGroup section */

/* Begin PBXNativeTarget section */
		55CD27521A233EC800A46761 /* The Interconnect */ = {
			isa = PBXNativeTarget;
			buildConfigurationList = 55CD27701A233EC800A46761 /* Build configuration list for PBXNativeTarget "The Interconnect" */;
			buildPhases = (
				55CD274F1A233EC800A46761 /* Sources */,
				55CD27501A233EC800A46761 /* Frameworks */,
				55CD27511A233EC800A46761 /* Resources */,
			);
			buildRules = (
			);
			dependencies = (
			);
			name = "The Interconnect";
			productName = interconnectgame;
			productReference = 55CD27531A233EC800A46761 /* The Interconnect.app */;
			productType = "com.apple.product-type.application";
		};
		55CD27651A233EC800A46761 /* interconnectgameTests */ = {
			isa = PBXNativeTarget;
			buildConfigurationList = 55CD27731A233EC800A46761 /* Build configuration list for PBXNativeTarget "interconnectgameTests" */;
			buildPhases = (
				55CD27621A233EC800A46761 /* Sources */,
				55CD27631A233EC800A46761 /* Frameworks */,
				55CD27641A233EC800A46761 /* Resources */,
			);
			buildRules = (
			);
			dependencies = (
				55CD27681A233EC800A46761 /* PBXTargetDependency */,
			);
			name = interconnectgameTests;
			productName = interconnectgameTests;
			productReference = 55CD27661A233EC800A46761 /* interconnectgameTests.xctest */;
			productType = "com.apple.product-type.bundle.unit-test";
		};
/* End PBXNativeTarget section */

/* Begin PBXProject section */
		55CD274B1A233EC800A46761 /* Project object */ = {
			isa = PBXProject;
			attributes = {
				LastUpgradeCheck = 0610;
				ORGANIZATIONNAME = "Uli Kusterer";
				TargetAttributes = {
					55CD27521A233EC800A46761 = {
						CreatedOnToolsVersion = 6.1;
					};
					55CD27651A233EC800A46761 = {
						CreatedOnToolsVersion = 6.1;
						TestTargetID = 55CD27521A233EC800A46761;
					};
					55CD279F1A23D27700A46761 = {
						CreatedOnToolsVersion = 6.1;
					};
				};
			};
			buildConfigurationList = 55CD274E1A233EC800A46761 /* Build configuration list for PBXProject "interconnectgame" */;
			compatibilityVersion = "Xcode 3.2";
			developmentRegion = English;
			hasScannedForEncodings = 0;
			knownRegions = (
				en,
				Base,
			);
			mainGroup = 55CD274A1A233EC800A46761;
			productRefGroup = 55CD27541A233EC800A46761 /* Products */;
			projectDirPath = "";
			projectRoot = "";
			targets = (
				55CD27521A233EC800A46761 /* The Interconnect */,
				55CD27651A233EC800A46761 /* interconnectgameTests */,
				55CD279F1A23D27700A46761 /* libressl */,
			);
		};
/* End PBXProject section */

/* Begin PBXResourcesBuildPhase section */
		55CD27511A233EC800A46761 /* Resources */ = {
			isa = PBXResourcesBuildPhase;
			buildActionMask = 2147483647;
			files = (
				55CD275E1A233EC800A46761 /* Images.xcassets in Resources */,
				55CD27611A233EC800A46761 /* MainMenu.xib in Resources */,
				55CD279D1A234EF900A46761 /* settings in Resources */,
			);
			runOnlyForDeploymentPostprocessing = 0;
		};
		55CD27641A233EC800A46761 /* Resources */ = {
			isa = PBXResourcesBuildPhase;
			buildActionMask = 2147483647;
			files = (
			);
			runOnlyForDeploymentPostprocessing = 0;
		};
/* End PBXResourcesBuildPhase section */

/* Begin PBXShellScriptBuildPhase section */
		55CD27A31A23D28000A46761 /* ShellScript */ = {
			isa = PBXShellScriptBuildPhase;
			buildActionMask = 2147483647;
			files = (
			);
			inputPaths = (
			);
			outputPaths = (
			);
			runOnlyForDeploymentPostprocessing = 0;
			shellPath = /bin/sh;
			shellScript = "export PATH=/usr/local/bin/:$PATH #pull in autoconf, automake and libtool from Brew\ncd \"${PROJECT_DIR}/eleven/libressl-portable/\"\n./autogen.sh\n./configure\nmake check\nmake install DESTDIR=\"${PROJECT_DIR}/eleven/libressl-portable/build/\"\n";
		};
/* End PBXShellScriptBuildPhase section */

/* Begin PBXSourcesBuildPhase section */
		55CD274F1A233EC800A46761 /* Sources */ = {
			isa = PBXSourcesBuildPhase;
			buildActionMask = 2147483647;
			files = (
				55CD27961A23405E00A46761 /* crypto_scrypt-nosse.c in Sources */,
				55CD275C1A233EC800A46761 /* main.m in Sources */,
				55CD277C1A23401500A46761 /* eleven_ini_file.cpp in Sources */,
				55CD27921A23405E00A46761 /* b64.c in Sources */,
				55CD275A1A233EC800A46761 /* ICGAppDelegate.mm in Sources */,
				55CD27971A23405E00A46761 /* crypto-mcf.c in Sources */,
				55CD279A1A23405E00A46761 /* slowequals.c in Sources */,
				55CD27941A23405E00A46761 /* crypto_scrypt-hash.c in Sources */,
				55CD27981A23405E00A46761 /* crypto-scrypt-saltgen.c in Sources */,
				55CD27951A23405E00A46761 /* crypto_scrypt-hexconvert.c in Sources */,
				55CD277E1A23401500A46761 /* eleven_session.cpp in Sources */,
				55CD27991A23405E00A46761 /* sha256.c in Sources */,
				55CD277D1A23401500A46761 /* eleven_log.cpp in Sources */,
				55CD27931A23405E00A46761 /* crypto_scrypt-check.c in Sources */,
				55CD27811A23402400A46761 /* eleven_chatclient.cpp in Sources */,
				55F13EF41A293177007194D0 /* ICGKeychainWrapper.m in Sources */,
			);
			runOnlyForDeploymentPostprocessing = 0;
		};
		55CD27621A233EC800A46761 /* Sources */ = {
			isa = PBXSourcesBuildPhase;
			buildActionMask = 2147483647;
			files = (
				55CD276D1A233EC800A46761 /* interconnectgameTests.m in Sources */,
			);
			runOnlyForDeploymentPostprocessing = 0;
		};
/* End PBXSourcesBuildPhase section */

/* Begin PBXTargetDependency section */
		55CD27681A233EC800A46761 /* PBXTargetDependency */ = {
			isa = PBXTargetDependency;
			target = 55CD27521A233EC800A46761 /* The Interconnect */;
			targetProxy = 55CD27671A233EC800A46761 /* PBXContainerItemProxy */;
		};
/* End PBXTargetDependency section */

/* Begin PBXVariantGroup section */
		55CD275F1A233EC800A46761 /* MainMenu.xib */ = {
			isa = PBXVariantGroup;
			children = (
				55CD27601A233EC800A46761 /* Base */,
			);
			name = MainMenu.xib;
			sourceTree = "<group>";
		};
/* End PBXVariantGroup section */

/* Begin XCBuildConfiguration section */
		55CD276E1A233EC800A46761 /* Debug */ = {
			isa = XCBuildConfiguration;
			buildSettings = {
				ALWAYS_SEARCH_USER_PATHS = NO;
				CLANG_CXX_LANGUAGE_STANDARD = "gnu++0x";
				CLANG_CXX_LIBRARY = "libc++";
				CLANG_ENABLE_MODULES = YES;
				CLANG_ENABLE_OBJC_ARC = YES;
				CLANG_WARN_BOOL_CONVERSION = YES;
				CLANG_WARN_CONSTANT_CONVERSION = YES;
				CLANG_WARN_DIRECT_OBJC_ISA_USAGE = YES_ERROR;
				CLANG_WARN_EMPTY_BODY = YES;
				CLANG_WARN_ENUM_CONVERSION = YES;
				CLANG_WARN_INT_CONVERSION = YES;
				CLANG_WARN_OBJC_ROOT_CLASS = YES_ERROR;
				CLANG_WARN_UNREACHABLE_CODE = YES;
				CLANG_WARN__DUPLICATE_METHOD_MATCH = YES;
				CODE_SIGN_IDENTITY = "-";
				COPY_PHASE_STRIP = NO;
				ENABLE_STRICT_OBJC_MSGSEND = YES;
				GCC_C_LANGUAGE_STANDARD = gnu99;
				GCC_DYNAMIC_NO_PIC = NO;
				GCC_OPTIMIZATION_LEVEL = 0;
				GCC_PREPROCESSOR_DEFINITIONS = (
					"DEBUG=1",
					"$(inherited)",
				);
				GCC_SYMBOLS_PRIVATE_EXTERN = NO;
				GCC_WARN_64_TO_32_BIT_CONVERSION = YES;
				GCC_WARN_ABOUT_RETURN_TYPE = YES_ERROR;
				GCC_WARN_UNDECLARED_SELECTOR = YES;
				GCC_WARN_UNINITIALIZED_AUTOS = YES_AGGRESSIVE;
				GCC_WARN_UNUSED_FUNCTION = YES;
				GCC_WARN_UNUSED_VARIABLE = YES;
				MACOSX_DEPLOYMENT_TARGET = 10.10;
				MTL_ENABLE_DEBUG_INFO = YES;
				ONLY_ACTIVE_ARCH = YES;
				SDKROOT = macosx;
			};
			name = Debug;
		};
		55CD276F1A233EC800A46761 /* Release */ = {
			isa = XCBuildConfiguration;
			buildSettings = {
				ALWAYS_SEARCH_USER_PATHS = NO;
				CLANG_CXX_LANGUAGE_STANDARD = "gnu++0x";
				CLANG_CXX_LIBRARY = "libc++";
				CLANG_ENABLE_MODULES = YES;
				CLANG_ENABLE_OBJC_ARC = YES;
				CLANG_WARN_BOOL_CONVERSION = YES;
				CLANG_WARN_CONSTANT_CONVERSION = YES;
				CLANG_WARN_DIRECT_OBJC_ISA_USAGE = YES_ERROR;
				CLANG_WARN_EMPTY_BODY = YES;
				CLANG_WARN_ENUM_CONVERSION = YES;
				CLANG_WARN_INT_CONVERSION = YES;
				CLANG_WARN_OBJC_ROOT_CLASS = YES_ERROR;
				CLANG_WARN_UNREACHABLE_CODE = YES;
				CLANG_WARN__DUPLICATE_METHOD_MATCH = YES;
				CODE_SIGN_IDENTITY = "-";
				COPY_PHASE_STRIP = YES;
				DEBUG_INFORMATION_FORMAT = "dwarf-with-dsym";
				ENABLE_NS_ASSERTIONS = NO;
				ENABLE_STRICT_OBJC_MSGSEND = YES;
				GCC_C_LANGUAGE_STANDARD = gnu99;
				GCC_WARN_64_TO_32_BIT_CONVERSION = YES;
				GCC_WARN_ABOUT_RETURN_TYPE = YES_ERROR;
				GCC_WARN_UNDECLARED_SELECTOR = YES;
				GCC_WARN_UNINITIALIZED_AUTOS = YES_AGGRESSIVE;
				GCC_WARN_UNUSED_FUNCTION = YES;
				GCC_WARN_UNUSED_VARIABLE = YES;
				MACOSX_DEPLOYMENT_TARGET = 10.10;
				MTL_ENABLE_DEBUG_INFO = NO;
				SDKROOT = macosx;
			};
			name = Release;
		};
		55CD27711A233EC800A46761 /* Debug */ = {
			isa = XCBuildConfiguration;
			buildSettings = {
				ASSETCATALOG_COMPILER_APPICON_NAME = AppIcon;
				COMBINE_HIDPI_IMAGES = YES;
				HEADER_SEARCH_PATHS = (
					"$(inherited)",
					/Applications/Xcode.app/Contents/Developer/Toolchains/XcodeDefault.xctoolchain/usr/include,
					"${PROJECT_DIR}/eleven/libressl-portable/build/usr/local/include",
				);
				INFOPLIST_FILE = interconnectgame/Info.plist;
				LD_RUNPATH_SEARCH_PATHS = "$(inherited) @executable_path/../Frameworks";
				LIBRARY_SEARCH_PATHS = "$(PROJECT_DIR)/eleven/libressl-portable/build/usr/local/lib";
				OTHER_LDFLAGS = (
					"${PROJECT_DIR}/eleven/libressl-portable/build/usr/local/lib/libcrypto.a",
					"${PROJECT_DIR}/eleven/libressl-portable/build/usr/local/lib/libssl.a",
				);
				PRODUCT_NAME = "$(TARGET_NAME)";
			};
			name = Debug;
		};
		55CD27721A233EC800A46761 /* Release */ = {
			isa = XCBuildConfiguration;
			buildSettings = {
				ASSETCATALOG_COMPILER_APPICON_NAME = AppIcon;
				COMBINE_HIDPI_IMAGES = YES;
				HEADER_SEARCH_PATHS = (
					"$(inherited)",
					/Applications/Xcode.app/Contents/Developer/Toolchains/XcodeDefault.xctoolchain/usr/include,
					"${PROJECT_DIR}/eleven/libressl-portable/build/usr/local/include",
				);
				INFOPLIST_FILE = interconnectgame/Info.plist;
				LD_RUNPATH_SEARCH_PATHS = "$(inherited) @executable_path/../Frameworks";
				LIBRARY_SEARCH_PATHS = "$(PROJECT_DIR)/eleven/libressl-portable/build/usr/local/lib";
				OTHER_LDFLAGS = (
					"${PROJECT_DIR}/eleven/libressl-portable/build/usr/local/lib/libcrypto.a",
					"${PROJECT_DIR}/eleven/libressl-portable/build/usr/local/lib/libssl.a",
				);
				PRODUCT_NAME = "$(TARGET_NAME)";
			};
			name = Release;
		};
		55CD27741A233EC800A46761 /* Debug */ = {
			isa = XCBuildConfiguration;
			buildSettings = {
				BUNDLE_LOADER = "$(TEST_HOST)";
				COMBINE_HIDPI_IMAGES = YES;
				FRAMEWORK_SEARCH_PATHS = (
					"$(DEVELOPER_FRAMEWORKS_DIR)",
					"$(inherited)",
				);
				GCC_PREPROCESSOR_DEFINITIONS = (
					"DEBUG=1",
					"$(inherited)",
				);
				INFOPLIST_FILE = interconnectgameTests/Info.plist;
				LD_RUNPATH_SEARCH_PATHS = "$(inherited) @executable_path/../Frameworks @loader_path/../Frameworks";
				OTHER_LDFLAGS = (
					"${PROJECT_DIR}/eleven/libressl-portable/build/usr/local/lib/libcrypto.a",
					"${PROJECT_DIR}/eleven/libressl-portable/build/usr/local/lib/libssl.a",
				);
				PRODUCT_NAME = "$(TARGET_NAME)";
				TEST_HOST = "$(BUILT_PRODUCTS_DIR)/The Interconnect.app/Contents/MacOS/The Interconnect";
				USER_HEADER_SEARCH_PATHS = "${PROJECT_DIR}/eleven/libressl-portable/build/usr/local/include";
			};
			name = Debug;
		};
		55CD27751A233EC800A46761 /* Release */ = {
			isa = XCBuildConfiguration;
			buildSettings = {
				BUNDLE_LOADER = "$(TEST_HOST)";
				COMBINE_HIDPI_IMAGES = YES;
				FRAMEWORK_SEARCH_PATHS = (
					"$(DEVELOPER_FRAMEWORKS_DIR)",
					"$(inherited)",
				);
				INFOPLIST_FILE = interconnectgameTests/Info.plist;
				LD_RUNPATH_SEARCH_PATHS = "$(inherited) @executable_path/../Frameworks @loader_path/../Frameworks";
				OTHER_LDFLAGS = (
					"${PROJECT_DIR}/eleven/libressl-portable/build/usr/local/lib/libcrypto.a",
					"${PROJECT_DIR}/eleven/libressl-portable/build/usr/local/lib/libssl.a",
				);
				PRODUCT_NAME = "$(TARGET_NAME)";
				TEST_HOST = "$(BUILT_PRODUCTS_DIR)/The Interconnect.app/Contents/MacOS/The Interconnect";
				USER_HEADER_SEARCH_PATHS = "${PROJECT_DIR}/eleven/libressl-portable/build/usr/local/include";
			};
			name = Release;
		};
		55CD27A01A23D27700A46761 /* Debug */ = {
			isa = XCBuildConfiguration;
			buildSettings = {
				PRODUCT_NAME = "$(TARGET_NAME)";
			};
			name = Debug;
		};
		55CD27A11A23D27700A46761 /* Release */ = {
			isa = XCBuildConfiguration;
			buildSettings = {
				PRODUCT_NAME = "$(TARGET_NAME)";
			};
			name = Release;
		};
/* End XCBuildConfiguration section */

/* Begin XCConfigurationList section */
		55CD274E1A233EC800A46761 /* Build configuration list for PBXProject "interconnectgame" */ = {
			isa = XCConfigurationList;
			buildConfigurations = (
				55CD276E1A233EC800A46761 /* Debug */,
				55CD276F1A233EC800A46761 /* Release */,
			);
			defaultConfigurationIsVisible = 0;
			defaultConfigurationName = Release;
		};
		55CD27701A233EC800A46761 /* Build configuration list for PBXNativeTarget "The Interconnect" */ = {
			isa = XCConfigurationList;
			buildConfigurations = (
				55CD27711A233EC800A46761 /* Debug */,
				55CD27721A233EC800A46761 /* Release */,
			);
			defaultConfigurationIsVisible = 0;
			defaultConfigurationName = Release;
		};
		55CD27731A233EC800A46761 /* Build configuration list for PBXNativeTarget "interconnectgameTests" */ = {
			isa = XCConfigurationList;
			buildConfigurations = (
				55CD27741A233EC800A46761 /* Debug */,
				55CD27751A233EC800A46761 /* Release */,
			);
			defaultConfigurationIsVisible = 0;
			defaultConfigurationName = Release;
		};
		55CD27A21A23D27700A46761 /* Build configuration list for PBXAggregateTarget "libressl" */ = {
			isa = XCConfigurationList;
			buildConfigurations = (
				55CD27A01A23D27700A46761 /* Debug */,
				55CD27A11A23D27700A46761 /* Release */,
			);
			defaultConfigurationIsVisible = 0;
			defaultConfigurationName = Release;
		};
/* End XCConfigurationList section */
	};
	rootObject = 55CD274B1A233EC800A46761 /* Project object */;
}
